
Microsoft Visual Studio Solution File, Format Version 12.00
# Visual Studio Version 17
VisualStudioVersion = 17.13.35931.197
MinimumVisualStudioVersion = 10.0.40219.1
Project("{FAE04EC0-301F-11D3-BF4B-00C04F79EFBC}") = "OnlineAppointmentSystem.Entity", "OnlineAppointmentSystem.Entity\OnlineAppointmentSystem.Entity.csproj", "{3277BDB8-AAE1-4870-B0D1-69A0ACCE1F74}"
EndProject
Project("{FAE04EC0-301F-11D3-BF4B-00C04F79EFBC}") = "OnlineAppointmentSystem.DataAccess", "OnlineAppointmentSystem.DataAccess\OnlineAppointmentSystem.DataAccess.csproj", "{3DF2898B-DA86-4F97-9854-272009902632}"
EndProject
Project("{FAE04EC0-301F-11D3-BF4B-00C04F79EFBC}") = "OnlineAppointmentSystem.Business", "OnlineAppointmentSystem.Business\OnlineAppointmentSystem.Business.csproj", "{3D728A59-6C04-4C41-9CB5-FC5E7C45F49B}"
EndProject
Project("{FAE04EC0-301F-11D3-BF4B-00C04F79EFBC}") = "OnlineAppointmentSystem.Web", "OnlineAppointmentSystem.Web\OnlineAppointmentSystem.Web.csproj", "{2B9AEF2E-DC08-4DE3-8C83-999040F8ED00}"
EndProject
Project("{FAE04EC0-301F-11D3-BF4B-00C04F79EFBC}") = "OnlineAppointmentSystem.Api", "OnlineAppointmentSystem.Api\OnlineAppointmentSystem.Api.csproj", "{BDBE922E-EFC5-42AE-9EDC-E076B1FB7210}"
EndProject
Global
	GlobalSection(SolutionConfigurationPlatforms) = preSolution
		Debug|Any CPU = Debug|Any CPU
		Release|Any CPU = Release|Any CPU
	EndGlobalSection
	GlobalSection(ProjectConfigurationPlatforms) = postSolution
		{3277BDB8-AAE1-4870-B0D1-69A0ACCE1F74}.Debug|Any CPU.ActiveCfg = Debug|Any CPU
		{3277BDB8-AAE1-4870-B0D1-69A0ACCE1F74}.Debug|Any CPU.Build.0 = Debug|Any CPU
		{3277BDB8-AAE1-4870-B0D1-69A0ACCE1F74}.Release|Any CPU.ActiveCfg = Release|Any CPU
		{3277BDB8-AAE1-4870-B0D1-69A0ACCE1F74}.Release|Any CPU.Build.0 = Release|Any CPU
		{3DF2898B-DA86-4F97-9854-272009902632}.Debug|Any CPU.ActiveCfg = Debug|Any CPU
		{3DF2898B-DA86-4F97-9854-272009902632}.Debug|Any CPU.Build.0 = Debug|Any CPU
		{3DF2898B-DA86-4F97-9854-272009902632}.Release|Any CPU.ActiveCfg = Release|Any CPU
		{3DF2898B-DA86-4F97-9854-272009902632}.Release|Any CPU.Build.0 = Release|Any CPU
		{3D728A59-6C04-4C41-9CB5-FC5E7C45F49B}.Debug|Any CPU.ActiveCfg = Debug|Any CPU
		{3D728A59-6C04-4C41-9CB5-FC5E7C45F49B}.Debug|Any CPU.Build.0 = Debug|Any CPU
		{3D728A59-6C04-4C41-9CB5-FC5E7C45F49B}.Release|Any CPU.ActiveCfg = Release|Any CPU
		{3D728A59-6C04-4C41-9CB5-FC5E7C45F49B}.Release|Any CPU.Build.0 = Release|Any CPU
		{2B9AEF2E-DC08-4DE3-8C83-999040F8ED00}.Debug|Any CPU.ActiveCfg = Debug|Any CPU
		{2B9AEF2E-DC08-4DE3-8C83-999040F8ED00}.Debug|Any CPU.Build.0 = Debug|Any CPU
		{2B9AEF2E-DC08-4DE3-8C83-999040F8ED00}.Release|Any CPU.ActiveCfg = Release|Any CPU
		{2B9AEF2E-DC08-4DE3-8C83-999040F8ED00}.Release|Any CPU.Build.0 = Release|Any CPU
		{BDBE922E-EFC5-42AE-9EDC-E076B1FB7210}.Debug|Any CPU.ActiveCfg = Debug|Any CPU
		{BDBE922E-EFC5-42AE-9EDC-E076B1FB7210}.Debug|Any CPU.Build.0 = Debug|Any CPU
		{BDBE922E-EFC5-42AE-9EDC-E076B1FB7210}.Release|Any CPU.ActiveCfg = Release|Any CPU
		{BDBE922E-EFC5-42AE-9EDC-E076B1FB7210}.Release|Any CPU.Build.0 = Release|Any CPU
	EndGlobalSection
	GlobalSection(SolutionProperties) = preSolution
		HideSolutionNode = FALSE
	EndGlobalSection
	GlobalSection(ExtensibilityGlobals) = postSolution
		SolutionGuid = {57B6F26A-1E33-4689-B66F-BB2DA98E34F6}
	EndGlobalSection
EndGlobal
